{
  "object": {
    "pins": [
      {
        "package": "SyxPack",
        "repositoryURL": "https://github.com/coniferprod/SyxPack",
        "state": {
          "branch": null,
          "revision": "de1c906c235cd87c714224e7ba3f17b2816002bf",
          "version": "0.7.0"
        }
      }
    ]
  },
  "version": 1
}
